
Microsoft Visual Studio Solution File, Format Version 12.00
# Visual Studio 15
VisualStudioVersion = 15.0.26730.3
MinimumVisualStudioVersion = 10.0.40219.1
Project("{2150E333-8FDC-42A3-9474-1A3956D46DE8}") = "Solution Items", "Solution Items", "{9C71E8C2-BF24-4598-AF18-A9B1AF3FC7A0}"
	ProjectSection(SolutionItems) = preProject
		.gitignore = .gitignore
		app-install-admintool.cmd = app-install-admintool.cmd
		app-install-admintool.ps1 = app-install-admintool.ps1
		LICENSE.md = LICENSE.md
		README.md = README.md
	EndProjectSection
EndProject
Project("{FAE04EC0-301F-11D3-BF4B-00C04F79EFBC}") = "Escc.ServiceClosures.Tests", "Escc.ServiceClosures.Tests\Escc.ServiceClosures.Tests.csproj", "{14FE4953-8409-41FA-8F4A-9883CA53D316}"
EndProject
Project("{FAE04EC0-301F-11D3-BF4B-00C04F79EFBC}") = "Escc.ServiceClosures.AdministrationTool", "Escc.ServiceClosures.AdministrationTool\Escc.ServiceClosures.AdministrationTool.csproj", "{704B1C4D-D568-4482-9311-8A6437B85E73}"
EndProject
Project("{9A19103F-16F7-4668-BE54-9A1E7A4F7556}") = "Escc.ServiceClosures", "Escc.ServiceClosures\Escc.ServiceClosures.csproj", "{12F16E83-CC01-4221-A2CE-2DF6491F4DF8}"
EndProject
Project("{FAE04EC0-301F-11D3-BF4B-00C04F79EFBC}") = "Escc.ServiceClosures.Mvc", "Escc.ServiceClosures.Mvc\Escc.ServiceClosures.Mvc.csproj", "{FE7AEB20-7C3E-4870-876D-DDA19C55593A}"
EndProject
Global
	GlobalSection(SolutionConfigurationPlatforms) = preSolution
		Debug|Any CPU = Debug|Any CPU
		Release|Any CPU = Release|Any CPU
	EndGlobalSection
	GlobalSection(ProjectConfigurationPlatforms) = postSolution
		{14FE4953-8409-41FA-8F4A-9883CA53D316}.Debug|Any CPU.ActiveCfg = Debug|Any CPU
		{14FE4953-8409-41FA-8F4A-9883CA53D316}.Debug|Any CPU.Build.0 = Debug|Any CPU
		{14FE4953-8409-41FA-8F4A-9883CA53D316}.Release|Any CPU.ActiveCfg = Release|Any CPU
		{14FE4953-8409-41FA-8F4A-9883CA53D316}.Release|Any CPU.Build.0 = Release|Any CPU
		{704B1C4D-D568-4482-9311-8A6437B85E73}.Debug|Any CPU.ActiveCfg = Debug|Any CPU
		{704B1C4D-D568-4482-9311-8A6437B85E73}.Debug|Any CPU.Build.0 = Debug|Any CPU
		{704B1C4D-D568-4482-9311-8A6437B85E73}.Release|Any CPU.ActiveCfg = Release|Any CPU
		{704B1C4D-D568-4482-9311-8A6437B85E73}.Release|Any CPU.Build.0 = Release|Any CPU
		{12F16E83-CC01-4221-A2CE-2DF6491F4DF8}.Debug|Any CPU.ActiveCfg = Debug|Any CPU
		{12F16E83-CC01-4221-A2CE-2DF6491F4DF8}.Debug|Any CPU.Build.0 = Debug|Any CPU
		{12F16E83-CC01-4221-A2CE-2DF6491F4DF8}.Release|Any CPU.ActiveCfg = Release|Any CPU
		{12F16E83-CC01-4221-A2CE-2DF6491F4DF8}.Release|Any CPU.Build.0 = Release|Any CPU
		{FE7AEB20-7C3E-4870-876D-DDA19C55593A}.Debug|Any CPU.ActiveCfg = Debug|Any CPU
		{FE7AEB20-7C3E-4870-876D-DDA19C55593A}.Debug|Any CPU.Build.0 = Debug|Any CPU
		{FE7AEB20-7C3E-4870-876D-DDA19C55593A}.Release|Any CPU.ActiveCfg = Release|Any CPU
		{FE7AEB20-7C3E-4870-876D-DDA19C55593A}.Release|Any CPU.Build.0 = Release|Any CPU
	EndGlobalSection
	GlobalSection(SolutionProperties) = preSolution
		HideSolutionNode = FALSE
	EndGlobalSection
	GlobalSection(ExtensibilityGlobals) = postSolution
		SolutionGuid = {59DB7A3E-9982-4397-93D1-9C6FB9463297}
	EndGlobalSection
EndGlobal
